dependencies:
- name: blueapi
  repository: oci://ghcr.io/diamondlightsource/charts
  version: 1.14.0
- name: oauth2-proxy
  repository: https://oauth2-proxy.github.io/manifests
  version: 10.4.3
digest: sha256:0ae25b3df5fb548faa85344b90ff612a359fe10c3a5994e574baa222589325f5
generated: "2026-05-01T10:57:24.821659161+01:00"
