dependencies:
- name: blueapi
  repository: oci://ghcr.io/neilsmithdls/charts
  version: 1.1.2
- name: oauth2-proxy
  repository: https://oauth2-proxy.github.io/manifests
  version: 10.4.3
digest: sha256:552434e99931a108bfc297b885741982bf4849351b09b813a81b3c99b4ccdb14
generated: "2026-04-20T13:51:28.280733392+01:00"
